
Microsoft Visual Studio Solution File, Format Version 12.00
# Visual Studio Version 17
VisualStudioVersion = 17.0.31903.59
MinimumVisualStudioVersion = 10.0.40219.1
Project("{FAE04EC0-301F-11D3-BF4B-00C04F79EFBC}") = "Органайзер мастера ремесел", "Органайзер мастера ремесел\Органайзер мастера ремесел.csproj", "{F594FE47-D67F-4FD5-BA92-5A3647EB21AB}"
EndProject
Global
	GlobalSection(SolutionConfigurationPlatforms) = preSolution
		Debug|Any CPU = Debug|Any CPU
		Release|Any CPU = Release|Any CPU
	EndGlobalSection
	GlobalSection(ProjectConfigurationPlatforms) = postSolution
		{F594FE47-D67F-4FD5-BA92-5A3647EB21AB}.Debug|Any CPU.ActiveCfg = Debug|Any CPU
		{F594FE47-D67F-4FD5-BA92-5A3647EB21AB}.Debug|Any CPU.Build.0 = Debug|Any CPU
		{F594FE47-D67F-4FD5-BA92-5A3647EB21AB}.Release|Any CPU.ActiveCfg = Release|Any CPU
		{F594FE47-D67F-4FD5-BA92-5A3647EB21AB}.Release|Any CPU.Build.0 = Release|Any CPU
	EndGlobalSection
	GlobalSection(SolutionProperties) = preSolution
		HideSolutionNode = FALSE
	EndGlobalSection
	GlobalSection(ExtensibilityGlobals) = postSolution
		SolutionGuid = {5BF04AB7-1A15-43D5-86D1-FA05AA89AFE4}
	EndGlobalSection
EndGlobal
